
Microsoft Visual Studio Solution File, Format Version 12.00
# Visual Studio Version 17
VisualStudioVersion = 17.11.35222.181
MinimumVisualStudioVersion = 10.0.40219.1
Project("{9A19103F-16F7-4668-BE54-9A1E7A4F7556}") = "NotebookApp", "NotebookApp\NotebookApp.csproj", "{A725B7DE-D52E-4926-B7BF-BAE2CE529174}"
EndProject
Global
	GlobalSection(SolutionConfigurationPlatforms) = preSolution
		Debug|Any CPU = Debug|Any CPU
		Release|Any CPU = Release|Any CPU
	EndGlobalSection
	GlobalSection(ProjectConfigurationPlatforms) = postSolution
		{A725B7DE-D52E-4926-B7BF-BAE2CE529174}.Debug|Any CPU.ActiveCfg = Debug|Any CPU
		{A725B7DE-D52E-4926-B7BF-BAE2CE529174}.Debug|Any CPU.Build.0 = Debug|Any CPU
		{A725B7DE-D52E-4926-B7BF-BAE2CE529174}.Release|Any CPU.ActiveCfg = Release|Any CPU
		{A725B7DE-D52E-4926-B7BF-BAE2CE529174}.Release|Any CPU.Build.0 = Release|Any CPU
	EndGlobalSection
	GlobalSection(SolutionProperties) = preSolution
		HideSolutionNode = FALSE
	EndGlobalSection
	GlobalSection(ExtensibilityGlobals) = postSolution
		SolutionGuid = {BC813042-332C-4EE2-B8AC-B9125EE61555}
	EndGlobalSection
EndGlobal
